// !$*UTF8*$!
{
	archiveVersion = 1;
	classes = {
	};
	objectVersion = 48;
	objects = {

/* Begin PBXBuildFile section */
		7ABB3FAC1FDE1B7100F0CEA1 /* AppDelegate.swift in Sources */ = {isa = PBXBuildFile; fileRef = 7ABB3FAB1FDE1B7100F0CEA1 /* AppDelegate.swift */; };
		7ABB3FAE1FDE1B7100F0CEA1 /* ViewController.swift in Sources */ = {isa = PBXBuildFile; fileRef = 7ABB3FAD1FDE1B7100F0CEA1 /* ViewController.swift */; };
		7ABB3FB11FDE1B7100F0CEA1 /* Main.storyboard in Resources */ = {isa = PBXBuildFile; fileRef = 7ABB3FAF1FDE1B7100F0CEA1 /* Main.storyboard */; };
		7ABB3FB31FDE1B7200F0CEA1 /* Assets.xcassets in Resources */ = {isa = PBXBuildFile; fileRef = 7ABB3FB21FDE1B7200F0CEA1 /* Assets.xcassets */; };
		7ABB3FB61FDE1B7200F0CEA1 /* LaunchScreen.storyboard in Resources */ = {isa = PBXBuildFile; fileRef = 7ABB3FB41FDE1B7200F0CEA1 /* LaunchScreen.storyboard */; };
/* End PBXBuildFile section */

/* Begin PBXFileReference section */
		7ABB3FA81FDE1B7100F0CEA1 /* MQCountDownButton.app */ = {isa = PBXFileReference; explicitFileType = wrapper.application; includeInIndex = 0; path = MQCountDownButton.app; sourceTree = BUILT_PRODUCTS_DIR; };
		7ABB3FAB1FDE1B7100F0CEA1 /* AppDelegate.swift */ = {isa = PBXFileReference; lastKnownFileType = sourcecode.swift; path = AppDelegate.swift; sourceTree = "<group>"; };
		7ABB3FAD1FDE1B7100F0CEA1 /* ViewController.swift */ = {isa = PBXFileReference; lastKnownFileType = sourcecode.swift; path = ViewController.swift; sourceTree = "<group>"; };
		7ABB3FB01FDE1B7100F0CEA1 /* Base */ = {isa = PBXFileReference; lastKnownFileType = file.storyboard; name = Base; path = Base.lproj/Main.storyboard; sourceTree = "<group>"; };
		7ABB3FB21FDE1B7200F0CEA1 /* Assets.xcassets */ = {isa = PBXFileReference; lastKnownFileType = folder.assetcatalog; path = Assets.xcassets; sourceTree = "<group>"; };
		7ABB3FB51FDE1B7200F0CEA1 /* Base */ = {isa = PBXFileReference; lastKnownFileType = file.storyboard; name = Base; path = Base.lproj/LaunchScreen.storyboard; sourceTree = "<group>"; };
		7ABB3FB71FDE1B7200F0CEA1 /* Info.plist */ = {isa = PBXFileReference; lastKnownFileType = text.plist.xml; path = Info.plist; sourceTree = "<group>"; };
/* End PBXFileReference section */

/* Begin PBXFrameworksBuildPhase section */
		7ABB3FA51FDE1B7100F0CEA1 /* Frameworks */ = {
			isa = PBXFrameworksBuildPhase;
			buildActionMask = 2147483647;
			files = (
			);
			runOnlyForDeploymentPostprocessing = 0;
		};
/* End PBXFrameworksBuildPhase section */

/* Begin PBXGroup section */
		7ABB3F9F1FDE1B7100F0CEA1 = {
			isa = PBXGroup;
			children = (
				7ABB3FAA1FDE1B7100F0CEA1 /* MQCountDownButton */,
				7ABB3FA91FDE1B7100F0CEA1 /* Products */,
			);
			sourceTree = "<group>";
		};
		7ABB3FA91FDE1B7100F0CEA1 /* Products */ = {
			isa = PBXGroup;
			children = (
				7ABB3FA81FDE1B7100F0CEA1 /* MQCountDownButton.app */,
			);
			name = Products;
			sourceTree = "<group>";
		};
		7ABB3FAA1FDE1B7100F0CEA1 /* MQCountDownButton */ = {
			isa = PBXGroup;
			children = (
				7ABB3FAB1FDE1B7100F0CEA1 /* AppDelegate.swift */,
				7ABB3FAD1FDE1B7100F0CEA1 /* ViewController.swift */,
				7ABB3FAF1FDE1B7100F0CEA1 /* Main.storyboard */,
				7ABB3FB21FDE1B7200F0CEA1 /* Assets.xcassets */,
				7ABB3FB41FDE1B7200F0CEA1 /* LaunchScreen.storyboard */,
				7ABB3FB71FDE1B7200F0CEA1 /* Info.plist */,
			);
			path = MQCountDownButton;
			sourceTree = "<group>";
		};
/* End PBXGroup section */

/* Begin PBXNativeTarget section */
		7ABB3FA71FDE1B7100F0CEA1 /* MQCountDownButton */ = {
			isa = PBXNativeTarget;
			buildConfigurationList = 7ABB3FBA1FDE1B7200F0CEA1 /* Build configuration list for PBXNativeTarget "MQCountDownButton" */;
			buildPhases = (
				7ABB3FA41FDE1B7100F0CEA1 /* Sources */,
				7ABB3FA51FDE1B7100F0CEA1 /* Frameworks */,
				7ABB3FA61FDE1B7100F0CEA1 /* Resources */,
			);
			buildRules = (
			);
			dependencies = (
			);
			name = MQCountDownButton;
			productName = MQCountDownButton;
			productReference = 7ABB3FA81FDE1B7100F0CEA1 /* MQCountDownButton.app */;
			productType = "com.apple.product-type.application";
		};
/* End PBXNativeTarget section */

/* Begin PBXProject section */
		7ABB3FA01FDE1B7100F0CEA1 /* Project object */ = {
			isa = PBXProject;
			attributes = {
				LastSwiftUpdateCheck = 0920;
				LastUpgradeCheck = 0920;
				ORGANIZATIONNAME = MQ;
				TargetAttributes = {
					7ABB3FA71FDE1B7100F0CEA1 = {
						CreatedOnToolsVersion = 9.2;
						ProvisioningStyle = Automatic;
					};
				};
			};
			buildConfigurationList = 7ABB3FA31FDE1B7100F0CEA1 /* Build configuration list for PBXProject "MQCountDownButton" */;
			compatibilityVersion = "Xcode 8.0";
			developmentRegion = en;
			hasScannedForEncodings = 0;
			knownRegions = (
				en,
				Base,
			);
			mainGroup = 7ABB3F9F1FDE1B7100F0CEA1;
			productRefGroup = 7ABB3FA91FDE1B7100F0CEA1 /* Products */;
			projectDirPath = "";
			projectRoot = "";
			targets = (
				7ABB3FA71FDE1B7100F0CEA1 /* MQCountDownButton */,
			);
		};
/* End PBXProject section */

/* Begin PBXResourcesBuildPhase section */
		7ABB3FA61FDE1B7100F0CEA1 /* Resources */ = {
			isa = PBXResourcesBuildPhase;
			buildActionMask = 2147483647;
			files = (
				7ABB3FB61FDE1B7200F0CEA1 /* LaunchScreen.storyboard in Resources */,
				7ABB3FB31FDE1B7200F0CEA1 /* Assets.xcassets in Resources */,
				7ABB3FB11FDE1B7100F0CEA1 /* Main.storyboard in Resources */,
			);
			runOnlyForDeploymentPostprocessing = 0;
		};
/* End PBXResourcesBuildPhase section */

/* Begin PBXSourcesBuildPhase section */
		7ABB3FA41FDE1B7100F0CEA1 /* Sources */ = {
			isa = PBXSourcesBuildPhase;
			buildActionMask = 2147483647;
			files = (
				7ABB3FAE1FDE1B7100F0CEA1 /* ViewController.swift in Sources */,
				7ABB3FAC1FDE1B7100F0CEA1 /* AppDelegate.swift in Sources */,
			);
			runOnlyForDeploymentPostprocessing = 0;
		};
/* End PBXSourcesBuildPhase section */

/* Begin PBXVariantGroup section */
		7ABB3FAF1FDE1B7100F0CEA1 /* Main.storyboard */ = {
			isa = PBXVariantGroup;
			children = (
				7ABB3FB01FDE1B7100F0CEA1 /* Base */,
			);
			name = Main.storyboard;
			sourceTree = "<group>";
		};
		7ABB3FB41FDE1B7200F0CEA1 /* LaunchScreen.storyboard */ = {
			isa = PBXVariantGroup;
			children = (
				7ABB3FB51FDE1B7200F0CEA1 /* Base */,
			);
			name = LaunchScreen.storyboard;
			sourceTree = "<group>";
		};
/* End PBXVariantGroup section */

/* Begin XCBuildConfiguration section */
		7ABB3FB81FDE1B7200F0CEA1 /* Debug */ = {
			isa = XCBuildConfiguration;
			buildSettings = {
				ALWAYS_SEARCH_USER_PATHS = NO;
				CLANG_ANALYZER_NONNULL = YES;
				CLANG_ANALYZER_NUMBER_OBJECT_CONVERSION = YES_AGGRESSIVE;
				CLANG_CXX_LANGUAGE_STANDARD = "gnu++14";
				CLANG_CXX_LIBRARY = "libc++";
				CLANG_ENABLE_MODULES = YES;
				CLANG_ENABLE_OBJC_ARC = YES;
				CLANG_WARN_BLOCK_CAPTURE_AUTORELEASING = YES;
				CLANG_WARN_BOOL_CONVERSION = YES;
				CLANG_WARN_COMMA = YES;
				CLANG_WARN_CONSTANT_CONVERSION = YES;
				CLANG_WARN_DIRECT_OBJC_ISA_USAGE = YES_ERROR;
				CLANG_WARN_DOCUMENTATION_COMMENTS = YES;
				CLANG_WARN_EMPTY_BODY = YES;
				CLANG_WARN_ENUM_CONVERSION = YES;
				CLANG_WARN_INFINITE_RECURSION = YES;
				CLANG_WARN_INT_CONVERSION = YES;
				CLANG_WARN_NON_LITERAL_NULL_CONVERSION = YES;
				CLANG_WARN_OBJC_LITERAL_CONVERSION = YES;
				CLANG_WARN_OBJC_ROOT_CLASS = YES_ERROR;
				CLANG_WARN_RANGE_LOOP_ANALYSIS = YES;
				CLANG_WARN_STRICT_PROTOTYPES = YES;
				CLANG_WARN_SUSPICIOUS_MOVE = YES;
				CLANG_WARN_UNGUARDED_AVAILABILITY = YES_AGGRESSIVE;
				CLANG_WARN_UNREACHABLE_CODE = YES;
				CLANG_WARN__DUPLICATE_METHOD_MATCH = YES;
				CODE_SIGN_IDENTITY = "iPhone Developer";
				COPY_PHASE_STRIP = NO;
				DEBUG_INFORMATION_FORMAT = dwarf;
				ENABLE_STRICT_OBJC_MSGSEND = YES;
				ENABLE_TESTABILITY = YES;
				GCC_C_LANGUAGE_STANDARD = gnu11;
				GCC_DYNAMIC_NO_PIC = NO;
				GCC_NO_COMMON_BLOCKS = YES;
				GCC_OPTIMIZATION_LEVEL = 0;
				GCC_PREPROCESSOR_DEFINITIONS = (
					"DEBUG=1",
					"$(inherited)",
				);
				GCC_WARN_64_TO_32_BIT_CONVERSION = YES;
				GCC_WARN_ABOUT_RETURN_TYPE = YES_ERROR;
				GCC_WARN_UNDECLARED_SELECTOR = YES;
				GCC_WARN_UNINITIALIZED_AUTOS = YES_AGGRESSIVE;
				GCC_WARN_UNUSED_FUNCTION = YES;
				GCC_WARN_UNUSED_VARIABLE = YES;
				IPHONEOS_DEPLOYMENT_TARGET = 11.2;
				MTL_ENABLE_DEBUG_INFO = YES;
				ONLY_ACTIVE_ARCH = YES;
				SDKROOT = iphoneos;
				SWIFT_ACTIVE_COMPILATION_CONDITIONS = DEBUG;
				SWIFT_OPTIMIZATION_LEVEL = "-Onone";
			};
			name = Debug;
		};
		7ABB3FB91FDE1B7200F0CEA1 /* Release */ = {
			isa = XCBuildConfiguration;
			buildSettings = {
				ALWAYS_SEARCH_USER_PATHS = NO;
				CLANG_ANALYZER_NONNULL = YES;
				CLANG_ANALYZER_NUMBER_OBJECT_CONVERSION = YES_AGGRESSIVE;
				CLANG_CXX_LANGUAGE_STANDARD = "gnu++14";
				CLANG_CXX_LIBRARY = "libc++";
				CLANG_ENABLE_MODULES = YES;
				CLANG_ENABLE_OBJC_ARC = YES;
				CLANG_WARN_BLOCK_CAPTURE_AUTORELEASING = YES;
				CLANG_WARN_BOOL_CONVERSION = YES;
				CLANG_WARN_COMMA = YES;
				CLANG_WARN_CONSTANT_CONVERSION = YES;
				CLANG_WARN_DIRECT_OBJC_ISA_USAGE = YES_ERROR;
				CLANG_WARN_DOCUMENTATION_COMMENTS = YES;
				CLANG_WARN_EMPTY_BODY = YES;
				CLANG_WARN_ENUM_CONVERSION = YES;
				CLANG_WARN_INFINITE_RECURSION = YES;
				CLANG_WARN_INT_CONVERSION = YES;
				CLANG_WARN_NON_LITERAL_NULL_CONVERSION = YES;
				CLANG_WARN_OBJC_LITERAL_CONVERSION = YES;
				CLANG_WARN_OBJC_ROOT_CLASS = YES_ERROR;
				CLANG_WARN_RANGE_LOOP_ANALYSIS = YES;
				CLANG_WARN_STRICT_PROTOTYPES = YES;
				CLANG_WARN_SUSPICIOUS_MOVE = YES;
				CLANG_WARN_UNGUARDED_AVAILABILITY = YES_AGGRESSIVE;
				CLANG_WARN_UNREACHABLE_CODE = YES;
				CLANG_WARN__DUPLICATE_METHOD_MATCH = YES;
				CODE_SIGN_IDENTITY = "iPhone Developer";
				COPY_PHASE_STRIP = NO;
				DEBUG_INFORMATION_FORMAT = "dwarf-with-dsym";
				ENABLE_NS_ASSERTIONS = NO;
				ENABLE_STRICT_OBJC_MSGSEND = YES;
				GCC_C_LANGUAGE_STANDARD = gnu11;
				GCC_NO_COMMON_BLOCKS = YES;
				GCC_WARN_64_TO_32_BIT_CONVERSION = YES;
				GCC_WARN_ABOUT_RETURN_TYPE = YES_ERROR;
				GCC_WARN_UNDECLARED_SELECTOR = YES;
				GCC_WARN_UNINITIALIZED_AUTOS = YES_AGGRESSIVE;
				GCC_WARN_UNUSED_FUNCTION = YES;
				GCC_WARN_UNUSED_VARIABLE = YES;
				IPHONEOS_DEPLOYMENT_TARGET = 11.2;
				MTL_ENABLE_DEBUG_INFO = NO;
				SDKROOT = iphoneos;
				SWIFT_OPTIMIZATION_LEVEL = "-Owholemodule";
				VALIDATE_PRODUCT = YES;
			};
			name = Release;
		};
		7ABB3FBB1FDE1B7200F0CEA1 /* Debug */ = {
			isa = XCBuildConfiguration;
			buildSettings = {
				ASSETCATALOG_COMPILER_APPICON_NAME = AppIcon;
				CODE_SIGN_STYLE = Automatic;
				INFOPLIST_FILE = MQCountDownButton/Info.plist;
				LD_RUNPATH_SEARCH_PATHS = "$(inherited) @executable_path/Frameworks";
				PRODUCT_BUNDLE_IDENTIFIER = com.MQ.MQCountDownButton;
				PRODUCT_NAME = "$(TARGET_NAME)";
				SWIFT_VERSION = 4.0;
				TARGETED_DEVICE_FAMILY = "1,2";
			};
			name = Debug;
		};
		7ABB3FBC1FDE1B7200F0CEA1 /* Release */ = {
			isa = XCBuildConfiguration;
			buildSettings = {
				ASSETCATALOG_COMPILER_APPICON_NAME = AppIcon;
				CODE_SIGN_STYLE = Automatic;
				INFOPLIST_FILE = MQCountDownButton/Info.plist;
				LD_RUNPATH_SEARCH_PATHS = "$(inherited) @executable_path/Frameworks";
				PRODUCT_BUNDLE_IDENTIFIER = com.MQ.MQCountDownButton;
				PRODUCT_NAME = "$(TARGET_NAME)";
				SWIFT_VERSION = 4.0;
				TARGETED_DEVICE_FAMILY = "1,2";
			};
			name = Release;
		};
/* End XCBuildConfiguration section */

/* Begin XCConfigurationList section */
		7ABB3FA31FDE1B7100F0CEA1 /* Build configuration list for PBXProject "MQCountDownButton" */ = {
			isa = XCConfigurationList;
			buildConfigurations = (
				7ABB3FB81FDE1B7200F0CEA1 /* Debug */,
				7ABB3FB91FDE1B7200F0CEA1 /* Release */,
			);
			defaultConfigurationIsVisible = 0;
			defaultConfigurationName = Release;
		};
		7ABB3FBA1FDE1B7200F0CEA1 /* Build configuration list for PBXNativeTarget "MQCountDownButton" */ = {
			isa = XCConfigurationList;
			buildConfigurations = (
				7ABB3FBB1FDE1B7200F0CEA1 /* Debug */,
				7ABB3FBC1FDE1B7200F0CEA1 /* Release */,
			);
			defaultConfigurationIsVisible = 0;
			defaultConfigurationName = Release;
		};
/* End XCConfigurationList section */
	};
	rootObject = 7ABB3FA01FDE1B7100F0CEA1 /* Project object */;
}
